# THIS IS AN AUTOGENERATED FILE. DO NOT EDIT THIS FILE DIRECTLY.
# yarn lockfile v1


react-native-accelerometer-parallax@^1.5.6:
  version "1.5.6"
  resolved "https://registry.yarnpkg.com/react-native-accelerometer-parallax/-/react-native-accelerometer-parallax-1.5.6.tgz#b9720a7eca90be5a78d634a0b7cc65d7c1876aa9"
  integrity sha512-tmmvv67EWHBYge6SXBoSAjQeY4muQKvyVPJRJthwj6di19Z1z1H5aAGOXid5clrKN0ISYP+bzPZUqWOZe5BXxg==
